
Microsoft Visual Studio Solution File, Format Version 12.00
# Visual Studio Version 17
VisualStudioVersion = 17.5.33530.505
MinimumVisualStudioVersion = 10.0.40219.1
Project("{9A19103F-16F7-4668-BE54-9A1E7A4F7556}") = "Koschä", "Koschä\Koschä.csproj", "{277CC94F-3D5A-47EB-9EE9-D415F5F0E509}"
EndProject
Project("{9A19103F-16F7-4668-BE54-9A1E7A4F7556}") = "Koschä.Core", "Koschä.Core\Koschä.Core.csproj", "{B6F626DB-6481-43D1-A1BA-74BB72895A70}"
EndProject
Global
	GlobalSection(SolutionConfigurationPlatforms) = preSolution
		Debug|Any CPU = Debug|Any CPU
		Debug|arm64 = Debug|arm64
		Debug|x64 = Debug|x64
		Debug|x86 = Debug|x86
		Release|Any CPU = Release|Any CPU
		Release|arm64 = Release|arm64
		Release|x64 = Release|x64
		Release|x86 = Release|x86
	EndGlobalSection
	GlobalSection(ProjectConfigurationPlatforms) = postSolution
		{277CC94F-3D5A-47EB-9EE9-D415F5F0E509}.Debug|Any CPU.ActiveCfg = Debug|x64
		{277CC94F-3D5A-47EB-9EE9-D415F5F0E509}.Debug|Any CPU.Build.0 = Debug|x64
		{277CC94F-3D5A-47EB-9EE9-D415F5F0E509}.Debug|Any CPU.Deploy.0 = Debug|x64
		{277CC94F-3D5A-47EB-9EE9-D415F5F0E509}.Debug|arm64.ActiveCfg = Debug|arm64
		{277CC94F-3D5A-47EB-9EE9-D415F5F0E509}.Debug|arm64.Build.0 = Debug|arm64
		{277CC94F-3D5A-47EB-9EE9-D415F5F0E509}.Debug|arm64.Deploy.0 = Debug|arm64
		{277CC94F-3D5A-47EB-9EE9-D415F5F0E509}.Debug|x64.ActiveCfg = Debug|x64
		{277CC94F-3D5A-47EB-9EE9-D415F5F0E509}.Debug|x64.Build.0 = Debug|x64
		{277CC94F-3D5A-47EB-9EE9-D415F5F0E509}.Debug|x64.Deploy.0 = Debug|x64
		{277CC94F-3D5A-47EB-9EE9-D415F5F0E509}.Debug|x86.ActiveCfg = Debug|x86
		{277CC94F-3D5A-47EB-9EE9-D415F5F0E509}.Debug|x86.Build.0 = Debug|x86
		{277CC94F-3D5A-47EB-9EE9-D415F5F0E509}.Debug|x86.Deploy.0 = Debug|x86
		{277CC94F-3D5A-47EB-9EE9-D415F5F0E509}.Release|Any CPU.ActiveCfg = Release|x64
		{277CC94F-3D5A-47EB-9EE9-D415F5F0E509}.Release|Any CPU.Build.0 = Release|x64
		{277CC94F-3D5A-47EB-9EE9-D415F5F0E509}.Release|Any CPU.Deploy.0 = Release|x64
		{277CC94F-3D5A-47EB-9EE9-D415F5F0E509}.Release|arm64.ActiveCfg = Release|arm64
		{277CC94F-3D5A-47EB-9EE9-D415F5F0E509}.Release|arm64.Build.0 = Release|arm64
		{277CC94F-3D5A-47EB-9EE9-D415F5F0E509}.Release|arm64.Deploy.0 = Release|arm64
		{277CC94F-3D5A-47EB-9EE9-D415F5F0E509}.Release|x64.ActiveCfg = Release|x64
		{277CC94F-3D5A-47EB-9EE9-D415F5F0E509}.Release|x64.Build.0 = Release|x64
		{277CC94F-3D5A-47EB-9EE9-D415F5F0E509}.Release|x64.Deploy.0 = Release|x64
		{277CC94F-3D5A-47EB-9EE9-D415F5F0E509}.Release|x86.ActiveCfg = Release|x86
		{277CC94F-3D5A-47EB-9EE9-D415F5F0E509}.Release|x86.Build.0 = Release|x86
		{277CC94F-3D5A-47EB-9EE9-D415F5F0E509}.Release|x86.Deploy.0 = Release|x86
		{B6F626DB-6481-43D1-A1BA-74BB72895A70}.Debug|Any CPU.ActiveCfg = Debug|Any CPU
		{B6F626DB-6481-43D1-A1BA-74BB72895A70}.Debug|Any CPU.Build.0 = Debug|Any CPU
		{B6F626DB-6481-43D1-A1BA-74BB72895A70}.Debug|arm64.ActiveCfg = Debug|arm64
		{B6F626DB-6481-43D1-A1BA-74BB72895A70}.Debug|arm64.Build.0 = Debug|arm64
		{B6F626DB-6481-43D1-A1BA-74BB72895A70}.Debug|x64.ActiveCfg = Debug|x64
		{B6F626DB-6481-43D1-A1BA-74BB72895A70}.Debug|x64.Build.0 = Debug|x64
		{B6F626DB-6481-43D1-A1BA-74BB72895A70}.Debug|x86.ActiveCfg = Debug|x86
		{B6F626DB-6481-43D1-A1BA-74BB72895A70}.Debug|x86.Build.0 = Debug|x86
		{B6F626DB-6481-43D1-A1BA-74BB72895A70}.Release|Any CPU.ActiveCfg = Release|Any CPU
		{B6F626DB-6481-43D1-A1BA-74BB72895A70}.Release|Any CPU.Build.0 = Release|Any CPU
		{B6F626DB-6481-43D1-A1BA-74BB72895A70}.Release|arm64.ActiveCfg = Release|arm64
		{B6F626DB-6481-43D1-A1BA-74BB72895A70}.Release|arm64.Build.0 = Release|arm64
		{B6F626DB-6481-43D1-A1BA-74BB72895A70}.Release|x64.ActiveCfg = Release|x64
		{B6F626DB-6481-43D1-A1BA-74BB72895A70}.Release|x64.Build.0 = Release|x64
		{B6F626DB-6481-43D1-A1BA-74BB72895A70}.Release|x86.ActiveCfg = Release|x86
		{B6F626DB-6481-43D1-A1BA-74BB72895A70}.Release|x86.Build.0 = Release|x86
	EndGlobalSection
	GlobalSection(SolutionProperties) = preSolution
		HideSolutionNode = FALSE
	EndGlobalSection
	GlobalSection(ExtensibilityGlobals) = postSolution
		SolutionGuid = {72F9775E-84F8-4718-BB97-B5C775FE9FD9}
	EndGlobalSection
EndGlobal
